
Microsoft Visual Studio Solution File, Format Version 12.00
# Visual Studio 15
VisualStudioVersion = 15.0.28307.421
MinimumVisualStudioVersion = 10.0.40219.1
Project("{FAE04EC0-301F-11D3-BF4B-00C04F79EFBC}") = "xa002.Android", "xa002\xa002.Android\xa002.Android.csproj", "{E3E108B3-B3F9-4D5A-99DC-60907279D5FD}"
EndProject
Project("{FAE04EC0-301F-11D3-BF4B-00C04F79EFBC}") = "xa002.iOS", "xa002\xa002.iOS\xa002.iOS.csproj", "{C856A419-A87D-4BB7-A820-AA43B532158A}"
EndProject
Project("{FAE04EC0-301F-11D3-BF4B-00C04F79EFBC}") = "xa002.UWP", "xa002\xa002.UWP\xa002.UWP.csproj", "{85594CC8-A728-46CC-89C6-74F145540716}"
EndProject
Project("{FAE04EC0-301F-11D3-BF4B-00C04F79EFBC}") = "xa002", "xa002\xa002\xa002.csproj", "{5A3917C0-8D29-41C4-AF62-4C4E51704749}"
EndProject
Global
	GlobalSection(SolutionConfigurationPlatforms) = preSolution
		Ad-Hoc|Any CPU = Ad-Hoc|Any CPU
		Ad-Hoc|ARM = Ad-Hoc|ARM
		Ad-Hoc|iPhone = Ad-Hoc|iPhone
		Ad-Hoc|iPhoneSimulator = Ad-Hoc|iPhoneSimulator
		Ad-Hoc|x64 = Ad-Hoc|x64
		Ad-Hoc|x86 = Ad-Hoc|x86
		AppStore|Any CPU = AppStore|Any CPU
		AppStore|ARM = AppStore|ARM
		AppStore|iPhone = AppStore|iPhone
		AppStore|iPhoneSimulator = AppStore|iPhoneSimulator
		AppStore|x64 = AppStore|x64
		AppStore|x86 = AppStore|x86
		Debug|Any CPU = Debug|Any CPU
		Debug|ARM = Debug|ARM
		Debug|iPhone = Debug|iPhone
		Debug|iPhoneSimulator = Debug|iPhoneSimulator
		Debug|x64 = Debug|x64
		Debug|x86 = Debug|x86
		Release|Any CPU = Release|Any CPU
		Release|ARM = Release|ARM
		Release|iPhone = Release|iPhone
		Release|iPhoneSimulator = Release|iPhoneSimulator
		Release|x64 = Release|x64
		Release|x86 = Release|x86
	EndGlobalSection
	GlobalSection(ProjectConfigurationPlatforms) = postSolution
		{E3E108B3-B3F9-4D5A-99DC-60907279D5FD}.Ad-Hoc|Any CPU.ActiveCfg = Release|Any CPU
		{E3E108B3-B3F9-4D5A-99DC-60907279D5FD}.Ad-Hoc|Any CPU.Build.0 = Release|Any CPU
		{E3E108B3-B3F9-4D5A-99DC-60907279D5FD}.Ad-Hoc|Any CPU.Deploy.0 = Release|Any CPU
		{E3E108B3-B3F9-4D5A-99DC-60907279D5FD}.Ad-Hoc|ARM.ActiveCfg = Release|Any CPU
		{E3E108B3-B3F9-4D5A-99DC-60907279D5FD}.Ad-Hoc|ARM.Build.0 = Release|Any CPU
		{E3E108B3-B3F9-4D5A-99DC-60907279D5FD}.Ad-Hoc|ARM.Deploy.0 = Release|Any CPU
		{E3E108B3-B3F9-4D5A-99DC-60907279D5FD}.Ad-Hoc|iPhone.ActiveCfg = Release|Any CPU
		{E3E108B3-B3F9-4D5A-99DC-60907279D5FD}.Ad-Hoc|iPhone.Build.0 = Release|Any CPU
		{E3E108B3-B3F9-4D5A-99DC-60907279D5FD}.Ad-Hoc|iPhone.Deploy.0 = Release|Any CPU
		{E3E108B3-B3F9-4D5A-99DC-60907279D5FD}.Ad-Hoc|iPhoneSimulator.ActiveCfg = Release|Any CPU
		{E3E108B3-B3F9-4D5A-99DC-60907279D5FD}.Ad-Hoc|iPhoneSimulator.Build.0 = Release|Any CPU
		{E3E108B3-B3F9-4D5A-99DC-60907279D5FD}.Ad-Hoc|iPhoneSimulator.Deploy.0 = Release|Any CPU
		{E3E108B3-B3F9-4D5A-99DC-60907279D5FD}.Ad-Hoc|x64.ActiveCfg = Release|Any CPU
		{E3E108B3-B3F9-4D5A-99DC-60907279D5FD}.Ad-Hoc|x64.Build.0 = Release|Any CPU
		{E3E108B3-B3F9-4D5A-99DC-60907279D5FD}.Ad-Hoc|x64.Deploy.0 = Release|Any CPU
		{E3E108B3-B3F9-4D5A-99DC-60907279D5FD}.Ad-Hoc|x86.ActiveCfg = Release|Any CPU
		{E3E108B3-B3F9-4D5A-99DC-60907279D5FD}.Ad-Hoc|x86.Build.0 = Release|Any CPU
		{E3E108B3-B3F9-4D5A-99DC-60907279D5FD}.Ad-Hoc|x86.Deploy.0 = Release|Any CPU
		{E3E108B3-B3F9-4D5A-99DC-60907279D5FD}.AppStore|Any CPU.ActiveCfg = Release|Any CPU
		{E3E108B3-B3F9-4D5A-99DC-60907279D5FD}.AppStore|Any CPU.Build.0 = Release|Any CPU
		{E3E108B3-B3F9-4D5A-99DC-60907279D5FD}.AppStore|Any CPU.Deploy.0 = Release|Any CPU
		{E3E108B3-B3F9-4D5A-99DC-60907279D5FD}.AppStore|ARM.ActiveCfg = Release|Any CPU
		{E3E108B3-B3F9-4D5A-99DC-60907279D5FD}.AppStore|ARM.Build.0 = Release|Any CPU
		{E3E108B3-B3F9-4D5A-99DC-60907279D5FD}.AppStore|ARM.Deploy.0 = Release|Any CPU
		{E3E108B3-B3F9-4D5A-99DC-60907279D5FD}.AppStore|iPhone.ActiveCfg = Release|Any CPU
		{E3E108B3-B3F9-4D5A-99DC-60907279D5FD}.AppStore|iPhone.Build.0 = Release|Any CPU
		{E3E108B3-B3F9-4D5A-99DC-60907279D5FD}.AppStore|iPhone.Deploy.0 = Release|Any CPU
		{E3E108B3-B3F9-4D5A-99DC-60907279D5FD}.AppStore|iPhoneSimulator.ActiveCfg = Release|Any CPU
		{E3E108B3-B3F9-4D5A-99DC-60907279D5FD}.AppStore|iPhoneSimulator.Build.0 = Release|Any CPU
		{E3E108B3-B3F9-4D5A-99DC-60907279D5FD}.AppStore|iPhoneSimulator.Deploy.0 = Release|Any CPU
		{E3E108B3-B3F9-4D5A-99DC-60907279D5FD}.AppStore|x64.ActiveCfg = Release|Any CPU
		{E3E108B3-B3F9-4D5A-99DC-60907279D5FD}.AppStore|x64.Build.0 = Release|Any CPU
		{E3E108B3-B3F9-4D5A-99DC-60907279D5FD}.AppStore|x64.Deploy.0 = Release|Any CPU
		{E3E108B3-B3F9-4D5A-99DC-60907279D5FD}.AppStore|x86.ActiveCfg = Release|Any CPU
		{E3E108B3-B3F9-4D5A-99DC-60907279D5FD}.AppStore|x86.Build.0 = Release|Any CPU
		{E3E108B3-B3F9-4D5A-99DC-60907279D5FD}.AppStore|x86.Deploy.0 = Release|Any CPU
		{E3E108B3-B3F9-4D5A-99DC-60907279D5FD}.Debug|Any CPU.ActiveCfg = Debug|Any CPU
		{E3E108B3-B3F9-4D5A-99DC-60907279D5FD}.Debug|Any CPU.Build.0 = Debug|Any CPU
		{E3E108B3-B3F9-4D5A-99DC-60907279D5FD}.Debug|Any CPU.Deploy.0 = Debug|Any CPU
		{E3E108B3-B3F9-4D5A-99DC-60907279D5FD}.Debug|ARM.ActiveCfg = Debug|Any CPU
		{E3E108B3-B3F9-4D5A-99DC-60907279D5FD}.Debug|ARM.Build.0 = Debug|Any CPU
		{E3E108B3-B3F9-4D5A-99DC-60907279D5FD}.Debug|ARM.Deploy.0 = Debug|Any CPU
		{E3E108B3-B3F9-4D5A-99DC-60907279D5FD}.Debug|iPhone.ActiveCfg = Debug|Any CPU
		{E3E108B3-B3F9-4D5A-99DC-60907279D5FD}.Debug|iPhone.Build.0 = Debug|Any CPU
		{E3E108B3-B3F9-4D5A-99DC-60907279D5FD}.Debug|iPhone.Deploy.0 = Debug|Any CPU
		{E3E108B3-B3F9-4D5A-99DC-60907279D5FD}.Debug|iPhoneSimulator.ActiveCfg = Debug|Any CPU
		{E3E108B3-B3F9-4D5A-99DC-60907279D5FD}.Debug|iPhoneSimulator.Build.0 = Debug|Any CPU
		{E3E108B3-B3F9-4D5A-99DC-60907279D5FD}.Debug|iPhoneSimulator.Deploy.0 = Debug|Any CPU
		{E3E108B3-B3F9-4D5A-99DC-60907279D5FD}.Debug|x64.ActiveCfg = Debug|Any CPU
		{E3E108B3-B3F9-4D5A-99DC-60907279D5FD}.Debug|x64.Build.0 = Debug|Any CPU
		{E3E108B3-B3F9-4D5A-99DC-60907279D5FD}.Debug|x64.Deploy.0 = Debug|Any CPU
		{E3E108B3-B3F9-4D5A-99DC-60907279D5FD}.Debug|x86.ActiveCfg = Debug|Any CPU
		{E3E108B3-B3F9-4D5A-99DC-60907279D5FD}.Debug|x86.Build.0 = Debug|Any CPU
		{E3E108B3-B3F9-4D5A-99DC-60907279D5FD}.Debug|x86.Deploy.0 = Debug|Any CPU
		{E3E108B3-B3F9-4D5A-99DC-60907279D5FD}.Release|Any CPU.ActiveCfg = Release|Any CPU
		{E3E108B3-B3F9-4D5A-99DC-60907279D5FD}.Release|Any CPU.Build.0 = Release|Any CPU
		{E3E108B3-B3F9-4D5A-99DC-60907279D5FD}.Release|Any CPU.Deploy.0 = Release|Any CPU
		{E3E108B3-B3F9-4D5A-99DC-60907279D5FD}.Release|ARM.ActiveCfg = Release|Any CPU
		{E3E108B3-B3F9-4D5A-99DC-60907279D5FD}.Release|ARM.Build.0 = Release|Any CPU
		{E3E108B3-B3F9-4D5A-99DC-60907279D5FD}.Release|ARM.Deploy.0 = Release|Any CPU
		{E3E108B3-B3F9-4D5A-99DC-60907279D5FD}.Release|iPhone.ActiveCfg = Release|Any CPU
		{E3E108B3-B3F9-4D5A-99DC-60907279D5FD}.Release|iPhone.Build.0 = Release|Any CPU
		{E3E108B3-B3F9-4D5A-99DC-60907279D5FD}.Release|iPhone.Deploy.0 = Release|Any CPU
		{E3E108B3-B3F9-4D5A-99DC-60907279D5FD}.Release|iPhoneSimulator.ActiveCfg = Release|Any CPU
		{E3E108B3-B3F9-4D5A-99DC-60907279D5FD}.Release|iPhoneSimulator.Build.0 = Release|Any CPU
		{E3E108B3-B3F9-4D5A-99DC-60907279D5FD}.Release|iPhoneSimulator.Deploy.0 = Release|Any CPU
		{E3E108B3-B3F9-4D5A-99DC-60907279D5FD}.Release|x64.ActiveCfg = Release|Any CPU
		{E3E108B3-B3F9-4D5A-99DC-60907279D5FD}.Release|x64.Build.0 = Release|Any CPU
		{E3E108B3-B3F9-4D5A-99DC-60907279D5FD}.Release|x64.Deploy.0 = Release|Any CPU
		{E3E108B3-B3F9-4D5A-99DC-60907279D5FD}.Release|x86.ActiveCfg = Release|Any CPU
		{E3E108B3-B3F9-4D5A-99DC-60907279D5FD}.Release|x86.Build.0 = Release|Any CPU
		{E3E108B3-B3F9-4D5A-99DC-60907279D5FD}.Release|x86.Deploy.0 = Release|Any CPU
		{C856A419-A87D-4BB7-A820-AA43B532158A}.Ad-Hoc|Any CPU.ActiveCfg = Ad-Hoc|iPhone
		{C856A419-A87D-4BB7-A820-AA43B532158A}.Ad-Hoc|Any CPU.Build.0 = Ad-Hoc|iPhone
		{C856A419-A87D-4BB7-A820-AA43B532158A}.Ad-Hoc|Any CPU.Deploy.0 = Ad-Hoc|iPhone
		{C856A419-A87D-4BB7-A820-AA43B532158A}.Ad-Hoc|ARM.ActiveCfg = Ad-Hoc|iPhone
		{C856A419-A87D-4BB7-A820-AA43B532158A}.Ad-Hoc|ARM.Build.0 = Ad-Hoc|iPhone
		{C856A419-A87D-4BB7-A820-AA43B532158A}.Ad-Hoc|ARM.Deploy.0 = Ad-Hoc|iPhone
		{C856A419-A87D-4BB7-A820-AA43B532158A}.Ad-Hoc|iPhone.ActiveCfg = Ad-Hoc|iPhone
		{C856A419-A87D-4BB7-A820-AA43B532158A}.Ad-Hoc|iPhone.Build.0 = Ad-Hoc|iPhone
		{C856A419-A87D-4BB7-A820-AA43B532158A}.Ad-Hoc|iPhone.Deploy.0 = Ad-Hoc|iPhone
		{C856A419-A87D-4BB7-A820-AA43B532158A}.Ad-Hoc|iPhoneSimulator.ActiveCfg = Ad-Hoc|iPhoneSimulator
		{C856A419-A87D-4BB7-A820-AA43B532158A}.Ad-Hoc|iPhoneSimulator.Build.0 = Ad-Hoc|iPhoneSimulator
		{C856A419-A87D-4BB7-A820-AA43B532158A}.Ad-Hoc|iPhoneSimulator.Deploy.0 = Ad-Hoc|iPhoneSimulator
		{C856A419-A87D-4BB7-A820-AA43B532158A}.Ad-Hoc|x64.ActiveCfg = Ad-Hoc|iPhone
		{C856A419-A87D-4BB7-A820-AA43B532158A}.Ad-Hoc|x64.Build.0 = Ad-Hoc|iPhone
		{C856A419-A87D-4BB7-A820-AA43B532158A}.Ad-Hoc|x64.Deploy.0 = Ad-Hoc|iPhone
		{C856A419-A87D-4BB7-A820-AA43B532158A}.Ad-Hoc|x86.ActiveCfg = Ad-Hoc|iPhone
		{C856A419-A87D-4BB7-A820-AA43B532158A}.Ad-Hoc|x86.Build.0 = Ad-Hoc|iPhone
		{C856A419-A87D-4BB7-A820-AA43B532158A}.Ad-Hoc|x86.Deploy.0 = Ad-Hoc|iPhone
		{C856A419-A87D-4BB7-A820-AA43B532158A}.AppStore|Any CPU.ActiveCfg = AppStore|iPhone
		{C856A419-A87D-4BB7-A820-AA43B532158A}.AppStore|Any CPU.Build.0 = AppStore|iPhone
		{C856A419-A87D-4BB7-A820-AA43B532158A}.AppStore|Any CPU.Deploy.0 = AppStore|iPhone
		{C856A419-A87D-4BB7-A820-AA43B532158A}.AppStore|ARM.ActiveCfg = AppStore|iPhone
		{C856A419-A87D-4BB7-A820-AA43B532158A}.AppStore|ARM.Build.0 = AppStore|iPhone
		{C856A419-A87D-4BB7-A820-AA43B532158A}.AppStore|ARM.Deploy.0 = AppStore|iPhone
		{C856A419-A87D-4BB7-A820-AA43B532158A}.AppStore|iPhone.ActiveCfg = AppStore|iPhone
		{C856A419-A87D-4BB7-A820-AA43B532158A}.AppStore|iPhone.Build.0 = AppStore|iPhone
		{C856A419-A87D-4BB7-A820-AA43B532158A}.AppStore|iPhone.Deploy.0 = AppStore|iPhone
		{C856A419-A87D-4BB7-A820-AA43B532158A}.AppStore|iPhoneSimulator.ActiveCfg = AppStore|iPhoneSimulator
		{C856A419-A87D-4BB7-A820-AA43B532158A}.AppStore|iPhoneSimulator.Build.0 = AppStore|iPhoneSimulator
		{C856A419-A87D-4BB7-A820-AA43B532158A}.AppStore|iPhoneSimulator.Deploy.0 = AppStore|iPhoneSimulator
		{C856A419-A87D-4BB7-A820-AA43B532158A}.AppStore|x64.ActiveCfg = AppStore|iPhone
		{C856A419-A87D-4BB7-A820-AA43B532158A}.AppStore|x64.Build.0 = AppStore|iPhone
		{C856A419-A87D-4BB7-A820-AA43B532158A}.AppStore|x64.Deploy.0 = AppStore|iPhone
		{C856A419-A87D-4BB7-A820-AA43B532158A}.AppStore|x86.ActiveCfg = AppStore|iPhone
		{C856A419-A87D-4BB7-A820-AA43B532158A}.AppStore|x86.Build.0 = AppStore|iPhone
		{C856A419-A87D-4BB7-A820-AA43B532158A}.AppStore|x86.Deploy.0 = AppStore|iPhone
		{C856A419-A87D-4BB7-A820-AA43B532158A}.Debug|Any CPU.ActiveCfg = Debug|iPhoneSimulator
		{C856A419-A87D-4BB7-A820-AA43B532158A}.Debug|Any CPU.Build.0 = Debug|iPhoneSimulator
		{C856A419-A87D-4BB7-A820-AA43B532158A}.Debug|Any CPU.Deploy.0 = Debug|iPhoneSimulator
		{C856A419-A87D-4BB7-A820-AA43B532158A}.Debug|ARM.ActiveCfg = Debug|iPhone
		{C856A419-A87D-4BB7-A820-AA43B532158A}.Debug|ARM.Build.0 = Debug|iPhone
		{C856A419-A87D-4BB7-A820-AA43B532158A}.Debug|ARM.Deploy.0 = Debug|iPhone
		{C856A419-A87D-4BB7-A820-AA43B532158A}.Debug|iPhone.ActiveCfg = Debug|iPhone
		{C856A419-A87D-4BB7-A820-AA43B532158A}.Debug|iPhone.Build.0 = Debug|iPhone
		{C856A419-A87D-4BB7-A820-AA43B532158A}.Debug|iPhone.Deploy.0 = Debug|iPhone
		{C856A419-A87D-4BB7-A820-AA43B532158A}.Debug|iPhoneSimulator.ActiveCfg = Debug|iPhoneSimulator
		{C856A419-A87D-4BB7-A820-AA43B532158A}.Debug|iPhoneSimulator.Build.0 = Debug|iPhoneSimulator
		{C856A419-A87D-4BB7-A820-AA43B532158A}.Debug|iPhoneSimulator.Deploy.0 = Debug|iPhoneSimulator
		{C856A419-A87D-4BB7-A820-AA43B532158A}.Debug|x64.ActiveCfg = Debug|iPhone
		{C856A419-A87D-4BB7-A820-AA43B532158A}.Debug|x64.Build.0 = Debug|iPhone
		{C856A419-A87D-4BB7-A820-AA43B532158A}.Debug|x64.Deploy.0 = Debug|iPhone
		{C856A419-A87D-4BB7-A820-AA43B532158A}.Debug|x86.ActiveCfg = Debug|iPhone
		{C856A419-A87D-4BB7-A820-AA43B532158A}.Debug|x86.Build.0 = Debug|iPhone
		{C856A419-A87D-4BB7-A820-AA43B532158A}.Debug|x86.Deploy.0 = Debug|iPhone
		{C856A419-A87D-4BB7-A820-AA43B532158A}.Release|Any CPU.ActiveCfg = Release|iPhone
		{C856A419-A87D-4BB7-A820-AA43B532158A}.Release|Any CPU.Build.0 = Release|iPhone
		{C856A419-A87D-4BB7-A820-AA43B532158A}.Release|Any CPU.Deploy.0 = Release|iPhone
		{C856A419-A87D-4BB7-A820-AA43B532158A}.Release|ARM.ActiveCfg = Release|iPhone
		{C856A419-A87D-4BB7-A820-AA43B532158A}.Release|ARM.Build.0 = Release|iPhone
		{C856A419-A87D-4BB7-A820-AA43B532158A}.Release|ARM.Deploy.0 = Release|iPhone
		{C856A419-A87D-4BB7-A820-AA43B532158A}.Release|iPhone.ActiveCfg = Release|iPhone
		{C856A419-A87D-4BB7-A820-AA43B532158A}.Release|iPhone.Build.0 = Release|iPhone
		{C856A419-A87D-4BB7-A820-AA43B532158A}.Release|iPhone.Deploy.0 = Release|iPhone
		{C856A419-A87D-4BB7-A820-AA43B532158A}.Release|iPhoneSimulator.ActiveCfg = Release|iPhoneSimulator
		{C856A419-A87D-4BB7-A820-AA43B532158A}.Release|iPhoneSimulator.Build.0 = Release|iPhoneSimulator
		{C856A419-A87D-4BB7-A820-AA43B532158A}.Release|iPhoneSimulator.Deploy.0 = Release|iPhoneSimulator
		{C856A419-A87D-4BB7-A820-AA43B532158A}.Release|x64.ActiveCfg = Release|iPhone
		{C856A419-A87D-4BB7-A820-AA43B532158A}.Release|x64.Build.0 = Release|iPhone
		{C856A419-A87D-4BB7-A820-AA43B532158A}.Release|x64.Deploy.0 = Release|iPhone
		{C856A419-A87D-4BB7-A820-AA43B532158A}.Release|x86.ActiveCfg = Release|iPhone
		{C856A419-A87D-4BB7-A820-AA43B532158A}.Release|x86.Build.0 = Release|iPhone
		{C856A419-A87D-4BB7-A820-AA43B532158A}.Release|x86.Deploy.0 = Release|iPhone
		{85594CC8-A728-46CC-89C6-74F145540716}.Ad-Hoc|Any CPU.ActiveCfg = Release|x86
		{85594CC8-A728-46CC-89C6-74F145540716}.Ad-Hoc|Any CPU.Build.0 = Release|x86
		{85594CC8-A728-46CC-89C6-74F145540716}.Ad-Hoc|Any CPU.Deploy.0 = Release|x86
		{85594CC8-A728-46CC-89C6-74F145540716}.Ad-Hoc|ARM.ActiveCfg = Release|ARM
		{85594CC8-A728-46CC-89C6-74F145540716}.Ad-Hoc|ARM.Build.0 = Release|ARM
		{85594CC8-A728-46CC-89C6-74F145540716}.Ad-Hoc|ARM.Deploy.0 = Release|ARM
		{85594CC8-A728-46CC-89C6-74F145540716}.Ad-Hoc|iPhone.ActiveCfg = Release|x86
		{85594CC8-A728-46CC-89C6-74F145540716}.Ad-Hoc|iPhone.Build.0 = Release|x86
		{85594CC8-A728-46CC-89C6-74F145540716}.Ad-Hoc|iPhone.Deploy.0 = Release|x86
		{85594CC8-A728-46CC-89C6-74F145540716}.Ad-Hoc|iPhoneSimulator.ActiveCfg = Release|x86
		{85594CC8-A728-46CC-89C6-74F145540716}.Ad-Hoc|iPhoneSimulator.Build.0 = Release|x86
		{85594CC8-A728-46CC-89C6-74F145540716}.Ad-Hoc|iPhoneSimulator.Deploy.0 = Release|x86
		{85594CC8-A728-46CC-89C6-74F145540716}.Ad-Hoc|x64.ActiveCfg = Release|x64
		{85594CC8-A728-46CC-89C6-74F145540716}.Ad-Hoc|x64.Build.0 = Release|x64
		{85594CC8-A728-46CC-89C6-74F145540716}.Ad-Hoc|x64.Deploy.0 = Release|x64
		{85594CC8-A728-46CC-89C6-74F145540716}.Ad-Hoc|x86.ActiveCfg = Release|x86
		{85594CC8-A728-46CC-89C6-74F145540716}.Ad-Hoc|x86.Build.0 = Release|x86
		{85594CC8-A728-46CC-89C6-74F145540716}.Ad-Hoc|x86.Deploy.0 = Release|x86
		{85594CC8-A728-46CC-89C6-74F145540716}.AppStore|Any CPU.ActiveCfg = Release|x86
		{85594CC8-A728-46CC-89C6-74F145540716}.AppStore|Any CPU.Build.0 = Release|x86
		{85594CC8-A728-46CC-89C6-74F145540716}.AppStore|Any CPU.Deploy.0 = Release|x86
		{85594CC8-A728-46CC-89C6-74F145540716}.AppStore|ARM.ActiveCfg = Release|ARM
		{85594CC8-A728-46CC-89C6-74F145540716}.AppStore|ARM.Build.0 = Release|ARM
		{85594CC8-A728-46CC-89C6-74F145540716}.AppStore|ARM.Deploy.0 = Release|ARM
		{85594CC8-A728-46CC-89C6-74F145540716}.AppStore|iPhone.ActiveCfg = Release|x86
		{85594CC8-A728-46CC-89C6-74F145540716}.AppStore|iPhone.Build.0 = Release|x86
		{85594CC8-A728-46CC-89C6-74F145540716}.AppStore|iPhone.Deploy.0 = Release|x86
		{85594CC8-A728-46CC-89C6-74F145540716}.AppStore|iPhoneSimulator.ActiveCfg = Release|x86
		{85594CC8-A728-46CC-89C6-74F145540716}.AppStore|iPhoneSimulator.Build.0 = Release|x86
		{85594CC8-A728-46CC-89C6-74F145540716}.AppStore|iPhoneSimulator.Deploy.0 = Release|x86
		{85594CC8-A728-46CC-89C6-74F145540716}.AppStore|x64.ActiveCfg = Release|x64
		{85594CC8-A728-46CC-89C6-74F145540716}.AppStore|x64.Build.0 = Release|x64
		{85594CC8-A728-46CC-89C6-74F145540716}.AppStore|x64.Deploy.0 = Release|x64
		{85594CC8-A728-46CC-89C6-74F145540716}.AppStore|x86.ActiveCfg = Release|x86
		{85594CC8-A728-46CC-89C6-74F145540716}.AppStore|x86.Build.0 = Release|x86
		{85594CC8-A728-46CC-89C6-74F145540716}.AppStore|x86.Deploy.0 = Release|x86
		{85594CC8-A728-46CC-89C6-74F145540716}.Debug|Any CPU.ActiveCfg = Debug|x86
		{85594CC8-A728-46CC-89C6-74F145540716}.Debug|Any CPU.Build.0 = Debug|x86
		{85594CC8-A728-46CC-89C6-74F145540716}.Debug|Any CPU.Deploy.0 = Debug|x86
		{85594CC8-A728-46CC-89C6-74F145540716}.Debug|ARM.ActiveCfg = Debug|ARM
		{85594CC8-A728-46CC-89C6-74F145540716}.Debug|ARM.Build.0 = Debug|ARM
		{85594CC8-A728-46CC-89C6-74F145540716}.Debug|ARM.Deploy.0 = Debug|ARM
		{85594CC8-A728-46CC-89C6-74F145540716}.Debug|iPhone.ActiveCfg = Debug|x86
		{85594CC8-A728-46CC-89C6-74F145540716}.Debug|iPhone.Build.0 = Debug|x86
		{85594CC8-A728-46CC-89C6-74F145540716}.Debug|iPhone.Deploy.0 = Debug|x86
		{85594CC8-A728-46CC-89C6-74F145540716}.Debug|iPhoneSimulator.ActiveCfg = Debug|x86
		{85594CC8-A728-46CC-89C6-74F145540716}.Debug|iPhoneSimulator.Build.0 = Debug|x86
		{85594CC8-A728-46CC-89C6-74F145540716}.Debug|iPhoneSimulator.Deploy.0 = Debug|x86
		{85594CC8-A728-46CC-89C6-74F145540716}.Debug|x64.ActiveCfg = Debug|x64
		{85594CC8-A728-46CC-89C6-74F145540716}.Debug|x64.Build.0 = Debug|x64
		{85594CC8-A728-46CC-89C6-74F145540716}.Debug|x64.Deploy.0 = Debug|x64
		{85594CC8-A728-46CC-89C6-74F145540716}.Debug|x86.ActiveCfg = Debug|x86
		{85594CC8-A728-46CC-89C6-74F145540716}.Debug|x86.Build.0 = Debug|x86
		{85594CC8-A728-46CC-89C6-74F145540716}.Debug|x86.Deploy.0 = Debug|x86
		{85594CC8-A728-46CC-89C6-74F145540716}.Release|Any CPU.ActiveCfg = Release|x86
		{85594CC8-A728-46CC-89C6-74F145540716}.Release|Any CPU.Build.0 = Release|x86
		{85594CC8-A728-46CC-89C6-74F145540716}.Release|Any CPU.Deploy.0 = Release|x86
		{85594CC8-A728-46CC-89C6-74F145540716}.Release|ARM.ActiveCfg = Release|ARM
		{85594CC8-A728-46CC-89C6-74F145540716}.Release|ARM.Build.0 = Release|ARM
		{85594CC8-A728-46CC-89C6-74F145540716}.Release|ARM.Deploy.0 = Release|ARM
		{85594CC8-A728-46CC-89C6-74F145540716}.Release|iPhone.ActiveCfg = Release|x86
		{85594CC8-A728-46CC-89C6-74F145540716}.Release|iPhone.Build.0 = Release|x86
		{85594CC8-A728-46CC-89C6-74F145540716}.Release|iPhone.Deploy.0 = Release|x86
		{85594CC8-A728-46CC-89C6-74F145540716}.Release|iPhoneSimulator.ActiveCfg = Release|x86
		{85594CC8-A728-46CC-89C6-74F145540716}.Release|iPhoneSimulator.Build.0 = Release|x86
		{85594CC8-A728-46CC-89C6-74F145540716}.Release|iPhoneSimulator.Deploy.0 = Release|x86
		{85594CC8-A728-46CC-89C6-74F145540716}.Release|x64.ActiveCfg = Release|x64
		{85594CC8-A728-46CC-89C6-74F145540716}.Release|x64.Build.0 = Release|x64
		{85594CC8-A728-46CC-89C6-74F145540716}.Release|x64.Deploy.0 = Release|x64
		{85594CC8-A728-46CC-89C6-74F145540716}.Release|x86.ActiveCfg = Release|x86
		{85594CC8-A728-46CC-89C6-74F145540716}.Release|x86.Build.0 = Release|x86
		{85594CC8-A728-46CC-89C6-74F145540716}.Release|x86.Deploy.0 = Release|x86
		{5A3917C0-8D29-41C4-AF62-4C4E51704749}.Ad-Hoc|Any CPU.ActiveCfg = Debug|Any CPU
		{5A3917C0-8D29-41C4-AF62-4C4E51704749}.Ad-Hoc|Any CPU.Build.0 = Debug|Any CPU
		{5A3917C0-8D29-41C4-AF62-4C4E51704749}.Ad-Hoc|Any CPU.Deploy.0 = Debug|Any CPU
		{5A3917C0-8D29-41C4-AF62-4C4E51704749}.Ad-Hoc|ARM.ActiveCfg = Debug|Any CPU
		{5A3917C0-8D29-41C4-AF62-4C4E51704749}.Ad-Hoc|ARM.Build.0 = Debug|Any CPU
		{5A3917C0-8D29-41C4-AF62-4C4E51704749}.Ad-Hoc|ARM.Deploy.0 = Debug|Any CPU
		{5A3917C0-8D29-41C4-AF62-4C4E51704749}.Ad-Hoc|iPhone.ActiveCfg = Debug|Any CPU
		{5A3917C0-8D29-41C4-AF62-4C4E51704749}.Ad-Hoc|iPhone.Build.0 = Debug|Any CPU
		{5A3917C0-8D29-41C4-AF62-4C4E51704749}.Ad-Hoc|iPhone.Deploy.0 = Debug|Any CPU
		{5A3917C0-8D29-41C4-AF62-4C4E51704749}.Ad-Hoc|iPhoneSimulator.ActiveCfg = Debug|Any CPU
		{5A3917C0-8D29-41C4-AF62-4C4E51704749}.Ad-Hoc|iPhoneSimulator.Build.0 = Debug|Any CPU
		{5A3917C0-8D29-41C4-AF62-4C4E51704749}.Ad-Hoc|iPhoneSimulator.Deploy.0 = Debug|Any CPU
		{5A3917C0-8D29-41C4-AF62-4C4E51704749}.Ad-Hoc|x64.ActiveCfg = Debug|Any CPU
		{5A3917C0-8D29-41C4-AF62-4C4E51704749}.Ad-Hoc|x64.Build.0 = Debug|Any CPU
		{5A3917C0-8D29-41C4-AF62-4C4E51704749}.Ad-Hoc|x64.Deploy.0 = Debug|Any CPU
		{5A3917C0-8D29-41C4-AF62-4C4E51704749}.Ad-Hoc|x86.ActiveCfg = Debug|Any CPU
		{5A3917C0-8D29-41C4-AF62-4C4E51704749}.Ad-Hoc|x86.Build.0 = Debug|Any CPU
		{5A3917C0-8D29-41C4-AF62-4C4E51704749}.Ad-Hoc|x86.Deploy.0 = Debug|Any CPU
		{5A3917C0-8D29-41C4-AF62-4C4E51704749}.AppStore|Any CPU.ActiveCfg = Debug|Any CPU
		{5A3917C0-8D29-41C4-AF62-4C4E51704749}.AppStore|Any CPU.Build.0 = Debug|Any CPU
		{5A3917C0-8D29-41C4-AF62-4C4E51704749}.AppStore|Any CPU.Deploy.0 = Debug|Any CPU
		{5A3917C0-8D29-41C4-AF62-4C4E51704749}.AppStore|ARM.ActiveCfg = Debug|Any CPU
		{5A3917C0-8D29-41C4-AF62-4C4E51704749}.AppStore|ARM.Build.0 = Debug|Any CPU
		{5A3917C0-8D29-41C4-AF62-4C4E51704749}.AppStore|ARM.Deploy.0 = Debug|Any CPU
		{5A3917C0-8D29-41C4-AF62-4C4E51704749}.AppStore|iPhone.ActiveCfg = Debug|Any CPU
		{5A3917C0-8D29-41C4-AF62-4C4E51704749}.AppStore|iPhone.Build.0 = Debug|Any CPU
		{5A3917C0-8D29-41C4-AF62-4C4E51704749}.AppStore|iPhone.Deploy.0 = Debug|Any CPU
		{5A3917C0-8D29-41C4-AF62-4C4E51704749}.AppStore|iPhoneSimulator.ActiveCfg = Debug|Any CPU
		{5A3917C0-8D29-41C4-AF62-4C4E51704749}.AppStore|iPhoneSimulator.Build.0 = Debug|Any CPU
		{5A3917C0-8D29-41C4-AF62-4C4E51704749}.AppStore|iPhoneSimulator.Deploy.0 = Debug|Any CPU
		{5A3917C0-8D29-41C4-AF62-4C4E51704749}.AppStore|x64.ActiveCfg = Debug|Any CPU
		{5A3917C0-8D29-41C4-AF62-4C4E51704749}.AppStore|x64.Build.0 = Debug|Any CPU
		{5A3917C0-8D29-41C4-AF62-4C4E51704749}.AppStore|x64.Deploy.0 = Debug|Any CPU
		{5A3917C0-8D29-41C4-AF62-4C4E51704749}.AppStore|x86.ActiveCfg = Debug|Any CPU
		{5A3917C0-8D29-41C4-AF62-4C4E51704749}.AppStore|x86.Build.0 = Debug|Any CPU
		{5A3917C0-8D29-41C4-AF62-4C4E51704749}.AppStore|x86.Deploy.0 = Debug|Any CPU
		{5A3917C0-8D29-41C4-AF62-4C4E51704749}.Debug|Any CPU.ActiveCfg = Debug|Any CPU
		{5A3917C0-8D29-41C4-AF62-4C4E51704749}.Debug|Any CPU.Build.0 = Debug|Any CPU
		{5A3917C0-8D29-41C4-AF62-4C4E51704749}.Debug|Any CPU.Deploy.0 = Debug|Any CPU
		{5A3917C0-8D29-41C4-AF62-4C4E51704749}.Debug|ARM.ActiveCfg = Debug|Any CPU
		{5A3917C0-8D29-41C4-AF62-4C4E51704749}.Debug|ARM.Build.0 = Debug|Any CPU
		{5A3917C0-8D29-41C4-AF62-4C4E51704749}.Debug|ARM.Deploy.0 = Debug|Any CPU
		{5A3917C0-8D29-41C4-AF62-4C4E51704749}.Debug|iPhone.ActiveCfg = Debug|Any CPU
		{5A3917C0-8D29-41C4-AF62-4C4E51704749}.Debug|iPhone.Build.0 = Debug|Any CPU
		{5A3917C0-8D29-41C4-AF62-4C4E51704749}.Debug|iPhone.Deploy.0 = Debug|Any CPU
		{5A3917C0-8D29-41C4-AF62-4C4E51704749}.Debug|iPhoneSimulator.ActiveCfg = Debug|Any CPU
		{5A3917C0-8D29-41C4-AF62-4C4E51704749}.Debug|iPhoneSimulator.Build.0 = Debug|Any CPU
		{5A3917C0-8D29-41C4-AF62-4C4E51704749}.Debug|iPhoneSimulator.Deploy.0 = Debug|Any CPU
		{5A3917C0-8D29-41C4-AF62-4C4E51704749}.Debug|x64.ActiveCfg = Debug|Any CPU
		{5A3917C0-8D29-41C4-AF62-4C4E51704749}.Debug|x64.Build.0 = Debug|Any CPU
		{5A3917C0-8D29-41C4-AF62-4C4E51704749}.Debug|x64.Deploy.0 = Debug|Any CPU
		{5A3917C0-8D29-41C4-AF62-4C4E51704749}.Debug|x86.ActiveCfg = Debug|Any CPU
		{5A3917C0-8D29-41C4-AF62-4C4E51704749}.Debug|x86.Build.0 = Debug|Any CPU
		{5A3917C0-8D29-41C4-AF62-4C4E51704749}.Debug|x86.Deploy.0 = Debug|Any CPU
		{5A3917C0-8D29-41C4-AF62-4C4E51704749}.Release|Any CPU.ActiveCfg = Release|Any CPU
		{5A3917C0-8D29-41C4-AF62-4C4E51704749}.Release|Any CPU.Build.0 = Release|Any CPU
		{5A3917C0-8D29-41C4-AF62-4C4E51704749}.Release|Any CPU.Deploy.0 = Release|Any CPU
		{5A3917C0-8D29-41C4-AF62-4C4E51704749}.Release|ARM.ActiveCfg = Release|Any CPU
		{5A3917C0-8D29-41C4-AF62-4C4E51704749}.Release|ARM.Build.0 = Release|Any CPU
		{5A3917C0-8D29-41C4-AF62-4C4E51704749}.Release|ARM.Deploy.0 = Release|Any CPU
		{5A3917C0-8D29-41C4-AF62-4C4E51704749}.Release|iPhone.ActiveCfg = Release|Any CPU
		{5A3917C0-8D29-41C4-AF62-4C4E51704749}.Release|iPhone.Build.0 = Release|Any CPU
		{5A3917C0-8D29-41C4-AF62-4C4E51704749}.Release|iPhone.Deploy.0 = Release|Any CPU
		{5A3917C0-8D29-41C4-AF62-4C4E51704749}.Release|iPhoneSimulator.ActiveCfg = Release|Any CPU
		{5A3917C0-8D29-41C4-AF62-4C4E51704749}.Release|iPhoneSimulator.Build.0 = Release|Any CPU
		{5A3917C0-8D29-41C4-AF62-4C4E51704749}.Release|iPhoneSimulator.Deploy.0 = Release|Any CPU
		{5A3917C0-8D29-41C4-AF62-4C4E51704749}.Release|x64.ActiveCfg = Release|Any CPU
		{5A3917C0-8D29-41C4-AF62-4C4E51704749}.Release|x64.Build.0 = Release|Any CPU
		{5A3917C0-8D29-41C4-AF62-4C4E51704749}.Release|x64.Deploy.0 = Release|Any CPU
		{5A3917C0-8D29-41C4-AF62-4C4E51704749}.Release|x86.ActiveCfg = Release|Any CPU
		{5A3917C0-8D29-41C4-AF62-4C4E51704749}.Release|x86.Build.0 = Release|Any CPU
		{5A3917C0-8D29-41C4-AF62-4C4E51704749}.Release|x86.Deploy.0 = Release|Any CPU
	EndGlobalSection
	GlobalSection(SolutionProperties) = preSolution
		HideSolutionNode = FALSE
	EndGlobalSection
	GlobalSection(ExtensibilityGlobals) = postSolution
		SolutionGuid = {C2557AC4-7109-4C4E-A83B-C0DD323E4710}
	EndGlobalSection
EndGlobal
